<?xml version="1.0" encoding="UTF-8" standalone="yes" ?>
<CodeBlocks_project_file>
	<FileVersion major="1" minor="6" />
	<Project>
		<Option title="Shahnarman" />
		<Option pch_mode="2" />
		<Option compiler="gcc" />
		<Build>
			<Target title="Debug">
				<Option output="bin/Debug/Shahnarman" prefix_auto="1" extension_auto="1" />
				<Option object_output="obj/Debug/" />
				<Option type="1" />
				<Option compiler="gcc" />
				<Compiler>
					<Add option="-g" />
				</Compiler>
			</Target>
			<Target title="Release">
				<Option output="bin/Release/Shahnarman" prefix_auto="1" extension_auto="1" />
				<Option object_output="obj/Release/" />
				<Option type="1" />
				<Option compiler="gcc" />
				<Compiler>
					<Add option="-O2" />
				</Compiler>
				<Linker>
					<Add option="-s" />
				</Linker>
			</Target>
		</Build>
		<Compiler>
			<Add option="-Wall" />
			<Add option="-Wno-deprecated" />
			<Add option="-Wno-unused-variable" />
			<Add option="-DLINUX" />
			<Add directory="/media/Naymlap/dev/sdk/Other includes" />
		</Compiler>
		<Unit filename="../Sources/Audio/AudioManager.cpp" />
		<Unit filename="../Sources/Audio/AudioManager.h" />
		<Unit filename="../Sources/Common/BaseObject.h" />
		<Unit filename="../Sources/Common/GraphicObject.h" />
		<Unit filename="../Sources/Common/ObjectList.cpp" />
		<Unit filename="../Sources/Common/ObjectList.h" />
		<Unit filename="../Sources/Common/SortInterface.cpp" />
		<Unit filename="../Sources/Common/SortInterface.h" />
		<Unit filename="../Sources/Common/TimeController.cpp" />
		<Unit filename="../Sources/Common/TimeController.h" />
		<Unit filename="../Sources/Common/md5.cpp" />
		<Unit filename="../Sources/Common/md5.h" />
		<Unit filename="../Sources/Data/DataFactory.cpp" />
		<Unit filename="../Sources/Data/DataFactory.h" />
		<Unit filename="../Sources/Data/FileSerializer.cpp" />
		<Unit filename="../Sources/Data/FileSerializer.h" />
		<Unit filename="../Sources/Data/IniFile.cpp" />
		<Unit filename="../Sources/Data/IniFile.h" />
		<Unit filename="../Sources/Data/LocalisationTool.cpp" />
		<Unit filename="../Sources/Data/LocalisationTool.h" />
		<Unit filename="../Sources/Data/LuaContext.cpp" />
		<Unit filename="../Sources/Data/LuaContext.h" />
		<Unit filename="../Sources/Data/LuaObject.cpp" />
		<Unit filename="../Sources/Data/LuaObject.h" />
		<Unit filename="../Sources/Data/LuaTargetable.cpp" />
		<Unit filename="../Sources/Data/LuaTargetable.h" />
		<Unit filename="../Sources/Data/NetworkSerializer.cpp" />
		<Unit filename="../Sources/Data/NetworkSerializer.h" />
		<Unit filename="../Sources/Data/Parameters.cpp" />
		<Unit filename="../Sources/Data/Parameters.h" />
		<Unit filename="../Sources/Data/Serializer.h" />
		<Unit filename="../Sources/Data/XMLLiteElement.cpp" />
		<Unit filename="../Sources/Data/XMLLiteElement.h" />
		<Unit filename="../Sources/Data/XMLLiteReader.cpp" />
		<Unit filename="../Sources/Data/XMLLiteReader.h" />
		<Unit filename="../Sources/Data/XMLObject.cpp" />
		<Unit filename="../Sources/Data/XMLObject.h" />
		<Unit filename="../Sources/Debug/DebugManager.cpp" />
		<Unit filename="../Sources/Debug/DebugManager.h" />
		<Unit filename="../Sources/DeckData/AIData.cpp" />
		<Unit filename="../Sources/DeckData/AIData.h" />
		<Unit filename="../Sources/DeckData/AvatarData.cpp" />
		<Unit filename="../Sources/DeckData/AvatarData.h" />
		<Unit filename="../Sources/DeckData/Edition.cpp" />
		<Unit filename="../Sources/DeckData/Edition.h" />
		<Unit filename="../Sources/DeckData/Ethnicity.cpp" />
		<Unit filename="../Sources/DeckData/Ethnicity.h" />
		<Unit filename="../Sources/DeckData/Profile.cpp" />
		<Unit filename="../Sources/DeckData/Profile.h" />
		<Unit filename="../Sources/DeckData/ProgressionElement.cpp" />
		<Unit filename="../Sources/DeckData/ProgressionElement.h" />
		<Unit filename="../Sources/DeckData/ProgressionTree.cpp" />
		<Unit filename="../Sources/DeckData/ProgressionTree.h" />
		<Unit filename="../Sources/DeckData/ShahmahCreation.cpp" />
		<Unit filename="../Sources/DeckData/ShahmahCreation.h" />
		<Unit filename="../Sources/DeckData/ShopItem.cpp" />
		<Unit filename="../Sources/DeckData/ShopItem.h" />
		<Unit filename="../Sources/DeckData/UnitData.cpp" />
		<Unit filename="../Sources/DeckData/UnitData.h" />
		<Unit filename="../Sources/Display/DisplayEngine.cpp" />
		<Unit filename="../Sources/Display/DisplayEngine.h" />
		<Unit filename="../Sources/Display/Texture.cpp" />
		<Unit filename="../Sources/Display/Texture.h" />
		<Unit filename="../Sources/Display/TextureEngine.cpp" />
		<Unit filename="../Sources/Display/TextureEngine.h" />
		<Unit filename="../Sources/Fonts/Font.cpp" />
		<Unit filename="../Sources/Fonts/Font.h" />
		<Unit filename="../Sources/Fonts/FontEngine.cpp" />
		<Unit filename="../Sources/Fonts/FontEngine.h" />
		<Unit filename="../Sources/Fx/FxManager.cpp" />
		<Unit filename="../Sources/Fx/FxManager.h" />
		<Unit filename="../Sources/GUIClasses/ComponentOwnerInterface.h" />
		<Unit filename="../Sources/GUIClasses/FrameEffects/EffectComeIn.cpp" />
		<Unit filename="../Sources/GUIClasses/FrameEffects/EffectComeIn.h" />
		<Unit filename="../Sources/GUIClasses/FrameEffects/EffectExtract.cpp" />
		<Unit filename="../Sources/GUIClasses/FrameEffects/EffectExtract.h" />
		<Unit filename="../Sources/GUIClasses/FrameEffects/guiFrameEffect.cpp" />
		<Unit filename="../Sources/GUIClasses/FrameEffects/guiFrameEffect.h" />
		<Unit filename="../Sources/GUIClasses/FrameEffects/guiFrameFlash.cpp" />
		<Unit filename="../Sources/GUIClasses/FrameEffects/guiFrameFlash.h" />
		<Unit filename="../Sources/GUIClasses/FrameEffects/guiFrameIntro.cpp" />
		<Unit filename="../Sources/GUIClasses/FrameEffects/guiFrameIntro.h" />
		<Unit filename="../Sources/GUIClasses/FrameEffects/guiFrameMouseFocus.cpp" />
		<Unit filename="../Sources/GUIClasses/FrameEffects/guiFrameMouseFocus.h" />
		<Unit filename="../Sources/GUIClasses/FrameEffects/guiFrameOutro.cpp" />
		<Unit filename="../Sources/GUIClasses/FrameEffects/guiFrameOutro.h" />
		<Unit filename="../Sources/GUIClasses/guiButton.cpp" />
		<Unit filename="../Sources/GUIClasses/guiButton.h" />
		<Unit filename="../Sources/GUIClasses/guiComboBox.cpp" />
		<Unit filename="../Sources/GUIClasses/guiComboBox.h" />
		<Unit filename="../Sources/GUIClasses/guiComponent.cpp" />
		<Unit filename="../Sources/GUIClasses/guiComponent.h" />
		<Unit filename="../Sources/GUIClasses/guiContainer.cpp" />
		<Unit filename="../Sources/GUIClasses/guiContainer.h" />
		<Unit filename="../Sources/GUIClasses/guiDocument.cpp" />
		<Unit filename="../Sources/GUIClasses/guiDocument.h" />
		<Unit filename="../Sources/GUIClasses/guiEditBox.cpp" />
		<Unit filename="../Sources/GUIClasses/guiEditBox.h" />
		<Unit filename="../Sources/GUIClasses/guiFrame.cpp" />
		<Unit filename="../Sources/GUIClasses/guiFrame.h" />
		<Unit filename="../Sources/GUIClasses/guiGauge.cpp" />
		<Unit filename="../Sources/GUIClasses/guiGauge.h" />
		<Unit filename="../Sources/GUIClasses/guiImage.cpp" />
		<Unit filename="../Sources/GUIClasses/guiImage.h" />
		<Unit filename="../Sources/GUIClasses/guiLabel.cpp" />
		<Unit filename="../Sources/GUIClasses/guiLabel.h" />
		<Unit filename="../Sources/GUIClasses/guiList.cpp" />
		<Unit filename="../Sources/GUIClasses/guiList.h" />
		<Unit filename="../Sources/GUIClasses/guiObject.cpp" />
		<Unit filename="../Sources/GUIClasses/guiObject.h" />
		<Unit filename="../Sources/GUIClasses/guiPopup.cpp" />
		<Unit filename="../Sources/GUIClasses/guiPopup.h" />
		<Unit filename="../Sources/GUIClasses/guiSmartSlider.cpp" />
		<Unit filename="../Sources/GUIClasses/guiSmartSlider.h" />
		<Unit filename="../Sources/GUIClasses/guiTabbedFrame.cpp" />
		<Unit filename="../Sources/GUIClasses/guiTabbedFrame.h" />
		<Unit filename="../Sources/GUIClasses/guiToggleButton.cpp" />
		<Unit filename="../Sources/GUIClasses/guiToggleButton.h" />
		<Unit filename="../Sources/GameRoot.cpp" />
		<Unit filename="../Sources/GameRoot.h" />
		<Unit filename="../Sources/Gameboard/Building.cpp" />
		<Unit filename="../Sources/Gameboard/Building.h" />
		<Unit filename="../Sources/Gameboard/GameboardInputs.cpp" />
		<Unit filename="../Sources/Gameboard/GameboardInputs.h" />
		<Unit filename="../Sources/Gameboard/GameboardManager.cpp" />
		<Unit filename="../Sources/Gameboard/GameboardManager.h" />
		<Unit filename="../Sources/Gameboard/Map.cpp" />
		<Unit filename="../Sources/Gameboard/Map.h" />
		<Unit filename="../Sources/Gameboard/MapCursor.cpp" />
		<Unit filename="../Sources/Gameboard/MapCursor.h" />
		<Unit filename="../Sources/Gameboard/MapObject.cpp" />
		<Unit filename="../Sources/Gameboard/MapObject.h" />
		<Unit filename="../Sources/Gameboard/MapTile.cpp" />
		<Unit filename="../Sources/Gameboard/MapTile.h" />
		<Unit filename="../Sources/Gameboard/Pathfinder.cpp" />
		<Unit filename="../Sources/Gameboard/Pathfinder.h" />
		<Unit filename="../Sources/Gameboard/Skill.cpp" />
		<Unit filename="../Sources/Gameboard/Skill.h" />
		<Unit filename="../Sources/Gameboard/SpecialTile.cpp" />
		<Unit filename="../Sources/Gameboard/SpecialTile.h" />
		<Unit filename="../Sources/Gameboard/Temple.cpp" />
		<Unit filename="../Sources/Gameboard/Temple.h" />
		<Unit filename="../Sources/Gameboard/Town.cpp" />
		<Unit filename="../Sources/Gameboard/Town.h" />
		<Unit filename="../Sources/Gameboard/Unit.cpp" />
		<Unit filename="../Sources/Gameboard/Unit.h" />
		<Unit filename="../Sources/Geometries/Geometry.cpp" />
		<Unit filename="../Sources/Geometries/Geometry.h" />
		<Unit filename="../Sources/Geometries/GeometryCylinder.cpp" />
		<Unit filename="../Sources/Geometries/GeometryCylinder.h" />
		<Unit filename="../Sources/Geometries/GeometryModifier.cpp" />
		<Unit filename="../Sources/Geometries/GeometryModifier.h" />
		<Unit filename="../Sources/Geometries/GeometryQuads.cpp" />
		<Unit filename="../Sources/Geometries/GeometryQuads.h" />
		<Unit filename="../Sources/Geometries/GeometryText.cpp" />
		<Unit filename="../Sources/Geometries/GeometryText.h" />
		<Unit filename="../Sources/Geometries/ModProgressiveBlending.cpp" />
		<Unit filename="../Sources/Geometries/ModProgressiveBlending.h" />
		<Unit filename="../Sources/Geometries/ModProgressiveRotate.cpp" />
		<Unit filename="../Sources/Geometries/ModProgressiveRotate.h" />
		<Unit filename="../Sources/Geometries/ModProgressiveScaling.cpp" />
		<Unit filename="../Sources/Geometries/ModProgressiveScaling.h" />
		<Unit filename="../Sources/Geometries/StencilGeometry.cpp" />
		<Unit filename="../Sources/Geometries/StencilGeometry.h" />
		<Unit filename="../Sources/Input/EventListener.h" />
		<Unit filename="../Sources/Input/InputEngine.cpp" />
		<Unit filename="../Sources/Input/InputEngine.h" />
		<Unit filename="../Sources/Input/KeyboardInputEngine.h" />
		<Unit filename="../Sources/Input/KeyboardListener.h" />
		<Unit filename="../Sources/Input/PCInputEngine.cpp" />
		<Unit filename="../Sources/Input/PCInputEngine.h" />
		<Unit filename="../Sources/Interface/ArtifactsEquipDlg.cpp" />
		<Unit filename="../Sources/Interface/ArtifactsEquipDlg.h" />
		<Unit filename="../Sources/Interface/BattleSpellPopup.cpp" />
		<Unit filename="../Sources/Interface/BattleSpellPopup.h" />
		<Unit filename="../Sources/Interface/BuildDeckDlg.cpp" />
		<Unit filename="../Sources/Interface/BuildDeckDlg.h" />
		<Unit filename="../Sources/Interface/CreateAvatarDlg.cpp" />
		<Unit filename="../Sources/Interface/CreateAvatarDlg.h" />
		<Unit filename="../Sources/Interface/GameOverDlg.cpp" />
		<Unit filename="../Sources/Interface/GameOverDlg.h" />
		<Unit filename="../Sources/Interface/HostGameDlg.cpp" />
		<Unit filename="../Sources/Interface/HostGameDlg.h" />
		<Unit filename="../Sources/Interface/InfoboxDlg.cpp" />
		<Unit filename="../Sources/Interface/InfoboxDlg.h" />
		<Unit filename="../Sources/Interface/InterfaceManager.cpp" />
		<Unit filename="../Sources/Interface/InterfaceManager.h" />
		<Unit filename="../Sources/Interface/LevelUpDlg.cpp" />
		<Unit filename="../Sources/Interface/LevelUpDlg.h" />
		<Unit filename="../Sources/Interface/LoadGameDlg.cpp" />
		<Unit filename="../Sources/Interface/LoadGameDlg.h" />
		<Unit filename="../Sources/Interface/LogDlg.cpp" />
		<Unit filename="../Sources/Interface/LogDlg.h" />
		<Unit filename="../Sources/Interface/MapObjectDlg.cpp" />
		<Unit filename="../Sources/Interface/MapObjectDlg.h" />
		<Unit filename="../Sources/Interface/MoveOrAttackDlg.cpp" />
		<Unit filename="../Sources/Interface/MoveOrAttackDlg.h" />
		<Unit filename="../Sources/Interface/OptionsDlg.cpp" />
		<Unit filename="../Sources/Interface/OptionsDlg.h" />
		<Unit filename="../Sources/Interface/PlayerSelectorDlg.cpp" />
		<Unit filename="../Sources/Interface/PlayerSelectorDlg.h" />
		<Unit filename="../Sources/Interface/ResolveDlg.cpp" />
		<Unit filename="../Sources/Interface/ResolveDlg.h" />
		<Unit filename="../Sources/Interface/SelectPlayerAvatarDlg.cpp" />
		<Unit filename="../Sources/Interface/SelectPlayerAvatarDlg.h" />
		<Unit filename="../Sources/Interface/ShopDlg.cpp" />
		<Unit filename="../Sources/Interface/ShopDlg.h" />
		<Unit filename="../Sources/Interface/SpellDlg.cpp" />
		<Unit filename="../Sources/Interface/SpellDlg.h" />
		<Unit filename="../Sources/Interface/SpellsSelectorDlg.cpp" />
		<Unit filename="../Sources/Interface/SpellsSelectorDlg.h" />
		<Unit filename="../Sources/Interface/StackGroupInterface.h" />
		<Unit filename="../Sources/Interface/StartMenuDlg.cpp" />
		<Unit filename="../Sources/Interface/StartMenuDlg.h" />
		<Unit filename="../Sources/Interface/StatusDlg.cpp" />
		<Unit filename="../Sources/Interface/StatusDlg.h" />
		<Unit filename="../Sources/Interface/Tooltip.cpp" />
		<Unit filename="../Sources/Interface/Tooltip.h" />
		<Unit filename="../Sources/Interface/UnitOptionsDlg.cpp" />
		<Unit filename="../Sources/Interface/UnitOptionsDlg.h" />
		<Unit filename="../Sources/LocalClient.cpp" />
		<Unit filename="../Sources/LocalClient.h" />
		<Unit filename="../Sources/Physics/ConstantMovement3D.cpp" />
		<Unit filename="../Sources/Physics/ConstantMovement3D.h" />
		<Unit filename="../Sources/Physics/FasloMove.cpp" />
		<Unit filename="../Sources/Physics/FasloMove.h" />
		<Unit filename="../Sources/Physics/Movement.cpp" />
		<Unit filename="../Sources/Physics/Movement.h" />
		<Unit filename="../Sources/Physics/PhysicalObject.cpp" />
		<Unit filename="../Sources/Physics/PhysicalObject.h" />
		<Unit filename="../Sources/Physics/SlofasloMove.cpp" />
		<Unit filename="../Sources/Physics/SlofasloMove.h" />
		<Unit filename="../Sources/Players/AISpell.cpp" />
		<Unit filename="../Sources/Players/AISpell.h" />
		<Unit filename="../Sources/Players/Artifact.cpp" />
		<Unit filename="../Sources/Players/Artifact.h" />
		<Unit filename="../Sources/Players/Mana.cpp" />
		<Unit filename="../Sources/Players/Mana.h" />
		<Unit filename="../Sources/Players/Player.cpp" />
		<Unit filename="../Sources/Players/Player.h" />
		<Unit filename="../Sources/Players/PlayerManager.cpp" />
		<Unit filename="../Sources/Players/PlayerManager.h" />
		<Unit filename="../Sources/Players/PlayerManagerAbstract.cpp" />
		<Unit filename="../Sources/Players/PlayerManagerAbstract.h" />
		<Unit filename="../Sources/Players/Spell.cpp" />
		<Unit filename="../Sources/Players/Spell.h" />
		<Unit filename="../Sources/Players/SummonSpell.cpp" />
		<Unit filename="../Sources/Players/SummonSpell.h" />
		<Unit filename="../Sources/Server/AILuaSolver.cpp" />
		<Unit filename="../Sources/Server/AILuaSolver.h" />
		<Unit filename="../Sources/Server/AISolver.cpp" />
		<Unit filename="../Sources/Server/AISolver.h" />
		<Unit filename="../Sources/Server/MapReader.cpp" />
		<Unit filename="../Sources/Server/MapReader.h" />
		<Unit filename="../Sources/Server/NetworkData.cpp" />
		<Unit filename="../Sources/Server/NetworkData.h" />
		<Unit filename="../Sources/Server/Server.cpp" />
		<Unit filename="../Sources/Server/Server.h" />
		<Unit filename="../Sources/Server/ServerUnit.cpp" />
		<Unit filename="../Sources/Server/SpellsSolver.cpp" />
		<Unit filename="../Sources/Server/SpellsSolver.h" />
		<Unit filename="../Sources/Server/TurnSolver.cpp" />
		<Unit filename="../Sources/Server/TurnSolver.h" />
		<Unit filename="../Sources/SystemHeaders.h" />
		<Unit filename="../Sources/_System/DirectoryChecker.cpp" />
		<Unit filename="../Sources/_System/TheAvatars.cpp" />
		<Unit filename="../Sources/_System/linux_utils.cpp" />
		<Unit filename="../Sources/_System/main.cpp" />
		<Unit filename="../Sources/_System/stdafx.cpp" />
		<Unit filename="../Sources/_System/stdafx.h" />
		<Unit filename="../Sources/_System/utils_win32.cpp" />
		<Unit filename="../Sources/errorcodes.h" />
		<Unit filename="../Sources/lua_callbacks.cpp" />
		<Unit filename="../Sources/lua_callbacks.h" />
		<Unit filename="../Sources/lua_callbacks_utils.h" />
		<Unit filename="../Sources/utils.cpp" />
		<Unit filename="../Sources/utils.h" />
		<Extensions>
			<code_completion />
			<debugger />
		</Extensions>
	</Project>
</CodeBlocks_project_file>
